{
  "name": "client",
  "lockfileVersion": 3,
  "requires": true,
  "packages": {
    "": {
      "devDependencies": {
        "@types/react-helmet-async": "^1.0.1"
      }
    },
    "node_modules/@types/react": {
      "version": "19.2.7",
      "resolved": "https://registry.npmjs.org/@types/react/-/react-19.2.7.tgz",
      "integrity": "sha512-MWtvHrGZLFttgeEj28VXHxpmwYbor/ATPYbBfSFZEIRK0ecCFLl2Qo55z52Hss+UV9CRN7trSeq1zbgx7YDWWg==",
      "dev": true,
      "license": "MIT",
      "dependencies": {
        "csstype": "^3.2.2"
      }
    },
    "node_modules/@types/react-helmet": {
      "version": "6.1.11",
      "resolved": "https://registry.npmjs.org/@types/react-helmet/-/react-helmet-6.1.11.tgz",
      "integrity": "sha512-0QcdGLddTERotCXo3VFlUSWO3ztraw8nZ6e3zJSgG7apwV5xt+pJUS8ewPBqT4NYB1optGLprNQzFleIY84u/g==",
      "dev": true,
      "license": "MIT",
      "dependencies": {
        "@types/react": "*"
      }
    },
    "node_modules/@types/react-helmet-async": {
      "version": "1.0.1",
      "resolved": "https://registry.npmjs.org/@types/react-helmet-async/-/react-helmet-async-1.0.1.tgz",
      "integrity": "sha512-ZtCdcSmNmtU/dlV2kJ3sVS52i9hMSo/w9iMYBmjdx4aHzNSIUSOZycFslyDRNbt0efwk3V56Bw51+vaYQ7zuXA==",
      "dev": true,
      "license": "MIT",
      "dependencies": {
        "@types/react": "*",
        "@types/react-helmet": "*"
      }
    },
    "node_modules/csstype": {
      "version": "3.2.3",
      "resolved": "https://registry.npmjs.org/csstype/-/csstype-3.2.3.tgz",
      "integrity": "sha512-z1HGKcYy2xA8AGQfwrn0PAy+PB7X/GSj3UVJW9qKyn43xWa+gl5nXmU4qqLMRzWVLFC8KusUX8T/0kCiOYpAIQ==",
      "dev": true,
      "license": "MIT"
    }
  }
}
